
Microsoft Visual Studio Solution File, Format Version 12.00
# Visual Studio 14
VisualStudioVersion = 14.0.25420.1
MinimumVisualStudioVersion = 10.0.40219.1
Project("{2150E333-8FDC-42A3-9474-1A3956D46DE8}") = ".paket", ".paket", "{21F5DF32-8586-44D9-B02A-E34E7C3E8581}"
	ProjectSection(SolutionItems) = preProject
		paket.dependencies = paket.dependencies
	EndProjectSection
EndProject
Project("{F2A71F9B-5D33-465A-A702-920D77279786}") = "FSharp.Data.JsonPath", "FSharp.Data.JsonPath\FSharp.Data.JsonPath.fsproj", "{DB9BFA41-0B02-4D85-BCE8-B98B992A0350}"
EndProject
Project("{F2A71F9B-5D33-465A-A702-920D77279786}") = "FSharp.Data.JsonPath.Tests", "FSharp.Data.JsonPath.Tests\FSharp.Data.JsonPath.Tests.fsproj", "{1298CFF6-F1AD-4222-BE0F-9493034212E0}"
EndProject
Global
	GlobalSection(SolutionConfigurationPlatforms) = preSolution
		Debug|Any CPU = Debug|Any CPU
		Release|Any CPU = Release|Any CPU
	EndGlobalSection
	GlobalSection(ProjectConfigurationPlatforms) = postSolution
		{DB9BFA41-0B02-4D85-BCE8-B98B992A0350}.Debug|Any CPU.ActiveCfg = Debug|Any CPU
		{DB9BFA41-0B02-4D85-BCE8-B98B992A0350}.Debug|Any CPU.Build.0 = Debug|Any CPU
		{DB9BFA41-0B02-4D85-BCE8-B98B992A0350}.Release|Any CPU.ActiveCfg = Release|Any CPU
		{DB9BFA41-0B02-4D85-BCE8-B98B992A0350}.Release|Any CPU.Build.0 = Release|Any CPU
		{1298CFF6-F1AD-4222-BE0F-9493034212E0}.Debug|Any CPU.ActiveCfg = Debug|Any CPU
		{1298CFF6-F1AD-4222-BE0F-9493034212E0}.Debug|Any CPU.Build.0 = Debug|Any CPU
		{1298CFF6-F1AD-4222-BE0F-9493034212E0}.Release|Any CPU.ActiveCfg = Release|Any CPU
		{1298CFF6-F1AD-4222-BE0F-9493034212E0}.Release|Any CPU.Build.0 = Release|Any CPU
	EndGlobalSection
	GlobalSection(SolutionProperties) = preSolution
		HideSolutionNode = FALSE
	EndGlobalSection
EndGlobal
